
Microsoft Visual Studio Solution File, Format Version 12.00
# Visual Studio Version 16
VisualStudioVersion = 16.0.29613.14
MinimumVisualStudioVersion = 10.0.40219.1
Project("{FAE04EC0-301F-11D3-BF4B-00C04F79EFBC}") = "BitHelp.Core.Validation", "src\BitHelp.Core.Validation.csproj", "{4E815E8B-BF1D-49A1-9CA4-9B2D5D000779}"
EndProject
Project("{FAE04EC0-301F-11D3-BF4B-00C04F79EFBC}") = "BitHelp.Core.Validation.Test", "test\BitHelp.Core.Validation.Test.csproj", "{8FD47576-AF5C-4B13-80F6-30726435E977}"
EndProject
Global
	GlobalSection(SolutionConfigurationPlatforms) = preSolution
		Debug|Any CPU = Debug|Any CPU
		Release|Any CPU = Release|Any CPU
	EndGlobalSection
	GlobalSection(ProjectConfigurationPlatforms) = postSolution
		{4E815E8B-BF1D-49A1-9CA4-9B2D5D000779}.Debug|Any CPU.ActiveCfg = Debug|Any CPU
		{4E815E8B-BF1D-49A1-9CA4-9B2D5D000779}.Debug|Any CPU.Build.0 = Debug|Any CPU
		{4E815E8B-BF1D-49A1-9CA4-9B2D5D000779}.Release|Any CPU.ActiveCfg = Release|Any CPU
		{4E815E8B-BF1D-49A1-9CA4-9B2D5D000779}.Release|Any CPU.Build.0 = Release|Any CPU
		{8FD47576-AF5C-4B13-80F6-30726435E977}.Debug|Any CPU.ActiveCfg = Debug|Any CPU
		{8FD47576-AF5C-4B13-80F6-30726435E977}.Debug|Any CPU.Build.0 = Debug|Any CPU
		{8FD47576-AF5C-4B13-80F6-30726435E977}.Release|Any CPU.ActiveCfg = Release|Any CPU
		{8FD47576-AF5C-4B13-80F6-30726435E977}.Release|Any CPU.Build.0 = Release|Any CPU
	EndGlobalSection
	GlobalSection(SolutionProperties) = preSolution
		HideSolutionNode = FALSE
	EndGlobalSection
	GlobalSection(ExtensibilityGlobals) = postSolution
		SolutionGuid = {E2A857B6-90DE-42E9-A711-DD36E2ACD3C0}
	EndGlobalSection
EndGlobal
